// !$*UTF8*$!
{
	archiveVersion = 1;
	classes = {
	};
	objectVersion = 46;
	objects = {

/* Begin PBXBuildFile section */
		D440EEC218173906002F5A39 /* PathCell.m in Sources */ = {isa = PBXBuildFile; fileRef = D440EEC118173906002F5A39 /* PathCell.m */; };
		D461C8ED183AA6430030CCFC /* QuartzCore.framework in Frameworks */ = {isa = PBXBuildFile; fileRef = D461C8EC183AA6430030CCFC /* QuartzCore.framework */; };
		D4A3F07E18041BDA00BEF7B9 /* Foundation.framework in Frameworks */ = {isa = PBXBuildFile; fileRef = D4A3F07D18041BDA00BEF7B9 /* Foundation.framework */; };
		D4A3F08018041BDA00BEF7B9 /* CoreGraphics.framework in Frameworks */ = {isa = PBXBuildFile; fileRef = D4A3F07F18041BDA00BEF7B9 /* CoreGraphics.framework */; };
		D4A3F08218041BDA00BEF7B9 /* UIKit.framework in Frameworks */ = {isa = PBXBuildFile; fileRef = D4A3F08118041BDA00BEF7B9 /* UIKit.framework */; };
		D4A3F08818041BDC00BEF7B9 /* InfoPlist.strings in Resources */ = {isa = PBXBuildFile; fileRef = D4A3F08618041BDC00BEF7B9 /* InfoPlist.strings */; };
		D4A3F08A18041BDC00BEF7B9 /* main.m in Sources */ = {isa = PBXBuildFile; fileRef = D4A3F08918041BDC00BEF7B9 /* main.m */; };
		D4A3F08E18041BDD00BEF7B9 /* AppDelegate.m in Sources */ = {isa = PBXBuildFile; fileRef = D4A3F08D18041BDD00BEF7B9 /* AppDelegate.m */; };
		D4A3F09118041BDE00BEF7B9 /* Main.storyboard in Resources */ = {isa = PBXBuildFile; fileRef = D4A3F08F18041BDE00BEF7B9 /* Main.storyboard */; };
		D4A3F09418041BE000BEF7B9 /* ViewController.m in Sources */ = {isa = PBXBuildFile; fileRef = D4A3F09318041BE000BEF7B9 /* ViewController.m */; };
		D4A3F09618041BE300BEF7B9 /* Images.xcassets in Resources */ = {isa = PBXBuildFile; fileRef = D4A3F09518041BE300BEF7B9 /* Images.xcassets */; };
		D4A3F09D18041BE300BEF7B9 /* XCTest.framework in Frameworks */ = {isa = PBXBuildFile; fileRef = D4A3F09C18041BE300BEF7B9 /* XCTest.framework */; };
		D4A3F09E18041BE300BEF7B9 /* Foundation.framework in Frameworks */ = {isa = PBXBuildFile; fileRef = D4A3F07D18041BDA00BEF7B9 /* Foundation.framework */; };
		D4A3F09F18041BE300BEF7B9 /* UIKit.framework in Frameworks */ = {isa = PBXBuildFile; fileRef = D4A3F08118041BDA00BEF7B9 /* UIKit.framework */; };
		D4A3F0A718041BE500BEF7B9 /* InfoPlist.strings in Resources */ = {isa = PBXBuildFile; fileRef = D4A3F0A518041BE500BEF7B9 /* InfoPlist.strings */; };
		D4A3F0A918041BE500BEF7B9 /* A_star_PathfinderTests.m in Sources */ = {isa = PBXBuildFile; fileRef = D4A3F0A818041BE500BEF7B9 /* A_star_PathfinderTests.m */; };
		D4A5F44F19A49FE300602019 /* CFunctions.m in Sources */ = {isa = PBXBuildFile; fileRef = D4A5F44E19A49FE300602019 /* CFunctions.m */; };
/* End PBXBuildFile section */

/* Begin PBXContainerItemProxy section */
		D4A3F0A018041BE300BEF7B9 /* PBXContainerItemProxy */ = {
			isa = PBXContainerItemProxy;
			containerPortal = D4A3F07218041BD900BEF7B9 /* Project object */;
			proxyType = 1;
			remoteGlobalIDString = D4A3F07918041BDA00BEF7B9;
			remoteInfo = "A-star-Pathfinder";
		};
/* End PBXContainerItemProxy section */

/* Begin PBXFileReference section */
		D440EEC018173906002F5A39 /* PathCell.h */ = {isa = PBXFileReference; fileEncoding = 4; lastKnownFileType = sourcecode.c.h; path = PathCell.h; sourceTree = "<group>"; };
		D440EEC118173906002F5A39 /* PathCell.m */ = {isa = PBXFileReference; fileEncoding = 4; lastKnownFileType = sourcecode.c.objc; path = PathCell.m; sourceTree = "<group>"; };
		D461C8EC183AA6430030CCFC /* QuartzCore.framework */ = {isa = PBXFileReference; lastKnownFileType = wrapper.framework; name = QuartzCore.framework; path = System/Library/Frameworks/QuartzCore.framework; sourceTree = SDKROOT; };
		D4A3F07A18041BDA00BEF7B9 /* A-star-Pathfinder.app */ = {isa = PBXFileReference; explicitFileType = wrapper.application; includeInIndex = 0; path = "A-star-Pathfinder.app"; sourceTree = BUILT_PRODUCTS_DIR; };
		D4A3F07D18041BDA00BEF7B9 /* Foundation.framework */ = {isa = PBXFileReference; lastKnownFileType = wrapper.framework; name = Foundation.framework; path = System/Library/Frameworks/Foundation.framework; sourceTree = SDKROOT; };
		D4A3F07F18041BDA00BEF7B9 /* CoreGraphics.framework */ = {isa = PBXFileReference; lastKnownFileType = wrapper.framework; name = CoreGraphics.framework; path = System/Library/Frameworks/CoreGraphics.framework; sourceTree = SDKROOT; };
		D4A3F08118041BDA00BEF7B9 /* UIKit.framework */ = {isa = PBXFileReference; lastKnownFileType = wrapper.framework; name = UIKit.framework; path = System/Library/Frameworks/UIKit.framework; sourceTree = SDKROOT; };
		D4A3F08518041BDB00BEF7B9 /* A-star-Pathfinder-Info.plist */ = {isa = PBXFileReference; lastKnownFileType = text.plist.xml; path = "A-star-Pathfinder-Info.plist"; sourceTree = "<group>"; };
		D4A3F08718041BDC00BEF7B9 /* en */ = {isa = PBXFileReference; lastKnownFileType = text.plist.strings; name = en; path = en.lproj/InfoPlist.strings; sourceTree = "<group>"; };
		D4A3F08918041BDC00BEF7B9 /* main.m */ = {isa = PBXFileReference; lastKnownFileType = sourcecode.c.objc; path = main.m; sourceTree = "<group>"; };
		D4A3F08B18041BDC00BEF7B9 /* A-star-Pathfinder-Prefix.pch */ = {isa = PBXFileReference; lastKnownFileType = sourcecode.c.h; path = "A-star-Pathfinder-Prefix.pch"; sourceTree = "<group>"; };
		D4A3F08C18041BDC00BEF7B9 /* AppDelegate.h */ = {isa = PBXFileReference; lastKnownFileType = sourcecode.c.h; path = AppDelegate.h; sourceTree = "<group>"; };
		D4A3F08D18041BDD00BEF7B9 /* AppDelegate.m */ = {isa = PBXFileReference; lastKnownFileType = sourcecode.c.objc; path = AppDelegate.m; sourceTree = "<group>"; };
		D4A3F09018041BDE00BEF7B9 /* Base */ = {isa = PBXFileReference; lastKnownFileType = file.storyboard; name = Base; path = Base.lproj/Main.storyboard; sourceTree = "<group>"; };
		D4A3F09218041BDE00BEF7B9 /* ViewController.h */ = {isa = PBXFileReference; lastKnownFileType = sourcecode.c.h; path = ViewController.h; sourceTree = "<group>"; };
		D4A3F09318041BE000BEF7B9 /* ViewController.m */ = {isa = PBXFileReference; lastKnownFileType = sourcecode.c.objc; path = ViewController.m; sourceTree = "<group>"; };
		D4A3F09518041BE300BEF7B9 /* Images.xcassets */ = {isa = PBXFileReference; lastKnownFileType = folder.assetcatalog; path = Images.xcassets; sourceTree = "<group>"; };
		D4A3F09B18041BE300BEF7B9 /* A-star-PathfinderTests.xctest */ = {isa = PBXFileReference; explicitFileType = wrapper.cfbundle; includeInIndex = 0; path = "A-star-PathfinderTests.xctest"; sourceTree = BUILT_PRODUCTS_DIR; };
		D4A3F09C18041BE300BEF7B9 /* XCTest.framework */ = {isa = PBXFileReference; lastKnownFileType = wrapper.framework; name = XCTest.framework; path = Library/Frameworks/XCTest.framework; sourceTree = DEVELOPER_DIR; };
		D4A3F0A418041BE400BEF7B9 /* A-star-PathfinderTests-Info.plist */ = {isa = PBXFileReference; lastKnownFileType = text.plist.xml; path = "A-star-PathfinderTests-Info.plist"; sourceTree = "<group>"; };
		D4A3F0A618041BE500BEF7B9 /* en */ = {isa = PBXFileReference; lastKnownFileType = text.plist.strings; name = en; path = en.lproj/InfoPlist.strings; sourceTree = "<group>"; };
		D4A3F0A818041BE500BEF7B9 /* A_star_PathfinderTests.m */ = {isa = PBXFileReference; lastKnownFileType = sourcecode.c.objc; path = A_star_PathfinderTests.m; sourceTree = "<group>"; };
		D4A5F44D19A49FE300602019 /* CFunctions.h */ = {isa = PBXFileReference; fileEncoding = 4; lastKnownFileType = sourcecode.c.h; name = CFunctions.h; path = "../../Custom Functions/CFunctions.h"; sourceTree = "<group>"; };
		D4A5F44E19A49FE300602019 /* CFunctions.m */ = {isa = PBXFileReference; fileEncoding = 4; lastKnownFileType = sourcecode.c.objc; name = CFunctions.m; path = "../../Custom Functions/CFunctions.m"; sourceTree = "<group>"; };
/* End PBXFileReference section */

/* Begin PBXFrameworksBuildPhase section */
		D4A3F07718041BDA00BEF7B9 /* Frameworks */ = {
			isa = PBXFrameworksBuildPhase;
			buildActionMask = 2147483647;
			files = (
				D461C8ED183AA6430030CCFC /* QuartzCore.framework in Frameworks */,
				D4A3F08018041BDA00BEF7B9 /* CoreGraphics.framework in Frameworks */,
				D4A3F08218041BDA00BEF7B9 /* UIKit.framework in Frameworks */,
				D4A3F07E18041BDA00BEF7B9 /* Foundation.framework in Frameworks */,
			);
			runOnlyForDeploymentPostprocessing = 0;
		};
		D4A3F09818041BE300BEF7B9 /* Frameworks */ = {
			isa = PBXFrameworksBuildPhase;
			buildActionMask = 2147483647;
			files = (
				D4A3F09D18041BE300BEF7B9 /* XCTest.framework in Frameworks */,
				D4A3F09F18041BE300BEF7B9 /* UIKit.framework in Frameworks */,
				D4A3F09E18041BE300BEF7B9 /* Foundation.framework in Frameworks */,
			);
			runOnlyForDeploymentPostprocessing = 0;
		};
/* End PBXFrameworksBuildPhase section */

/* Begin PBXGroup section */
		D4A3F07118041BD900BEF7B9 = {
			isa = PBXGroup;
			children = (
				D4A3F08318041BDA00BEF7B9 /* A-star-Pathfinder */,
				D4A3F0A218041BE300BEF7B9 /* A-star-PathfinderTests */,
				D4A3F07C18041BDA00BEF7B9 /* Frameworks */,
				D4A3F07B18041BDA00BEF7B9 /* Products */,
			);
			sourceTree = "<group>";
		};
		D4A3F07B18041BDA00BEF7B9 /* Products */ = {
			isa = PBXGroup;
			children = (
				D4A3F07A18041BDA00BEF7B9 /* A-star-Pathfinder.app */,
				D4A3F09B18041BE300BEF7B9 /* A-star-PathfinderTests.xctest */,
			);
			name = Products;
			sourceTree = "<group>";
		};
		D4A3F07C18041BDA00BEF7B9 /* Frameworks */ = {
			isa = PBXGroup;
			children = (
				D461C8EC183AA6430030CCFC /* QuartzCore.framework */,
				D4A3F07D18041BDA00BEF7B9 /* Foundation.framework */,
				D4A3F07F18041BDA00BEF7B9 /* CoreGraphics.framework */,
				D4A3F08118041BDA00BEF7B9 /* UIKit.framework */,
				D4A3F09C18041BE300BEF7B9 /* XCTest.framework */,
			);
			name = Frameworks;
			sourceTree = "<group>";
		};
		D4A3F08318041BDA00BEF7B9 /* A-star-Pathfinder */ = {
			isa = PBXGroup;
			children = (
				D4A3F08C18041BDC00BEF7B9 /* AppDelegate.h */,
				D4A3F08D18041BDD00BEF7B9 /* AppDelegate.m */,
				D4A3F08F18041BDE00BEF7B9 /* Main.storyboard */,
				D4A5F44D19A49FE300602019 /* CFunctions.h */,
				D4A5F44E19A49FE300602019 /* CFunctions.m */,
				D440EEC018173906002F5A39 /* PathCell.h */,
				D440EEC118173906002F5A39 /* PathCell.m */,
				D4A3F09218041BDE00BEF7B9 /* ViewController.h */,
				D4A3F09318041BE000BEF7B9 /* ViewController.m */,
				D4A3F09518041BE300BEF7B9 /* Images.xcassets */,
				D4A3F08418041BDB00BEF7B9 /* Supporting Files */,
			);
			path = "A-star-Pathfinder";
			sourceTree = "<group>";
		};
		D4A3F08418041BDB00BEF7B9 /* Supporting Files */ = {
			isa = PBXGroup;
			children = (
				D4A3F08518041BDB00BEF7B9 /* A-star-Pathfinder-Info.plist */,
				D4A3F08618041BDC00BEF7B9 /* InfoPlist.strings */,
				D4A3F08918041BDC00BEF7B9 /* main.m */,
				D4A3F08B18041BDC00BEF7B9 /* A-star-Pathfinder-Prefix.pch */,
			);
			name = "Supporting Files";
			sourceTree = "<group>";
		};
		D4A3F0A218041BE300BEF7B9 /* A-star-PathfinderTests */ = {
			isa = PBXGroup;
			children = (
				D4A3F0A818041BE500BEF7B9 /* A_star_PathfinderTests.m */,
				D4A3F0A318041BE400BEF7B9 /* Supporting Files */,
			);
			path = "A-star-PathfinderTests";
			sourceTree = "<group>";
		};
		D4A3F0A318041BE400BEF7B9 /* Supporting Files */ = {
			isa = PBXGroup;
			children = (
				D4A3F0A418041BE400BEF7B9 /* A-star-PathfinderTests-Info.plist */,
				D4A3F0A518041BE500BEF7B9 /* InfoPlist.strings */,
			);
			name = "Supporting Files";
			sourceTree = "<group>";
		};
/* End PBXGroup section */

/* Begin PBXNativeTarget section */
		D4A3F07918041BDA00BEF7B9 /* A-star-Pathfinder */ = {
			isa = PBXNativeTarget;
			buildConfigurationList = D4A3F0AC18041BE500BEF7B9 /* Build configuration list for PBXNativeTarget "A-star-Pathfinder" */;
			buildPhases = (
				D4A3F07618041BDA00BEF7B9 /* Sources */,
				D4A3F07718041BDA00BEF7B9 /* Frameworks */,
				D4A3F07818041BDA00BEF7B9 /* Resources */,
			);
			buildRules = (
			);
			dependencies = (
			);
			name = "A-star-Pathfinder";
			productName = "A-star-Pathfinder";
			productReference = D4A3F07A18041BDA00BEF7B9 /* A-star-Pathfinder.app */;
			productType = "com.apple.product-type.application";
		};
		D4A3F09A18041BE300BEF7B9 /* A-star-PathfinderTests */ = {
			isa = PBXNativeTarget;
			buildConfigurationList = D4A3F0AF18041BE500BEF7B9 /* Build configuration list for PBXNativeTarget "A-star-PathfinderTests" */;
			buildPhases = (
				D4A3F09718041BE300BEF7B9 /* Sources */,
				D4A3F09818041BE300BEF7B9 /* Frameworks */,
				D4A3F09918041BE300BEF7B9 /* Resources */,
			);
			buildRules = (
			);
			dependencies = (
				D4A3F0A118041BE300BEF7B9 /* PBXTargetDependency */,
			);
			name = "A-star-PathfinderTests";
			productName = "A-star-PathfinderTests";
			productReference = D4A3F09B18041BE300BEF7B9 /* A-star-PathfinderTests.xctest */;
			productType = "com.apple.product-type.bundle.unit-test";
		};
/* End PBXNativeTarget section */

/* Begin PBXProject section */
		D4A3F07218041BD900BEF7B9 /* Project object */ = {
			isa = PBXProject;
			attributes = {
				LastUpgradeCheck = 0500;
				ORGANIZATIONNAME = SDKGameMaker;
				TargetAttributes = {
					D4A3F09A18041BE300BEF7B9 = {
						TestTargetID = D4A3F07918041BDA00BEF7B9;
					};
				};
			};
			buildConfigurationList = D4A3F07518041BD900BEF7B9 /* Build configuration list for PBXProject "A-star-Pathfinder" */;
			compatibilityVersion = "Xcode 3.2";
			developmentRegion = English;
			hasScannedForEncodings = 0;
			knownRegions = (
				en,
				Base,
			);
			mainGroup = D4A3F07118041BD900BEF7B9;
			productRefGroup = D4A3F07B18041BDA00BEF7B9 /* Products */;
			projectDirPath = "";
			projectRoot = "";
			targets = (
				D4A3F07918041BDA00BEF7B9 /* A-star-Pathfinder */,
				D4A3F09A18041BE300BEF7B9 /* A-star-PathfinderTests */,
			);
		};
/* End PBXProject section */

/* Begin PBXResourcesBuildPhase section */
		D4A3F07818041BDA00BEF7B9 /* Resources */ = {
			isa = PBXResourcesBuildPhase;
			buildActionMask = 2147483647;
			files = (
				D4A3F09618041BE300BEF7B9 /* Images.xcassets in Resources */,
				D4A3F08818041BDC00BEF7B9 /* InfoPlist.strings in Resources */,
				D4A3F09118041BDE00BEF7B9 /* Main.storyboard in Resources */,
			);
			runOnlyForDeploymentPostprocessing = 0;
		};
		D4A3F09918041BE300BEF7B9 /* Resources */ = {
			isa = PBXResourcesBuildPhase;
			buildActionMask = 2147483647;
			files = (
				D4A3F0A718041BE500BEF7B9 /* InfoPlist.strings in Resources */,
			);
			runOnlyForDeploymentPostprocessing = 0;
		};
/* End PBXResourcesBuildPhase section */

/* Begin PBXSourcesBuildPhase section */
		D4A3F07618041BDA00BEF7B9 /* Sources */ = {
			isa = PBXSourcesBuildPhase;
			buildActionMask = 2147483647;
			files = (
				D440EEC218173906002F5A39 /* PathCell.m in Sources */,
				D4A5F44F19A49FE300602019 /* CFunctions.m in Sources */,
				D4A3F09418041BE000BEF7B9 /* ViewController.m in Sources */,
				D4A3F08E18041BDD00BEF7B9 /* AppDelegate.m in Sources */,
				D4A3F08A18041BDC00BEF7B9 /* main.m in Sources */,
			);
			runOnlyForDeploymentPostprocessing = 0;
		};
		D4A3F09718041BE300BEF7B9 /* Sources */ = {
			isa = PBXSourcesBuildPhase;
			buildActionMask = 2147483647;
			files = (
				D4A3F0A918041BE500BEF7B9 /* A_star_PathfinderTests.m in Sources */,
			);
			runOnlyForDeploymentPostprocessing = 0;
		};
/* End PBXSourcesBuildPhase section */

/* Begin PBXTargetDependency section */
		D4A3F0A118041BE300BEF7B9 /* PBXTargetDependency */ = {
			isa = PBXTargetDependency;
			target = D4A3F07918041BDA00BEF7B9 /* A-star-Pathfinder */;
			targetProxy = D4A3F0A018041BE300BEF7B9 /* PBXContainerItemProxy */;
		};
/* End PBXTargetDependency section */

/* Begin PBXVariantGroup section */
		D4A3F08618041BDC00BEF7B9 /* InfoPlist.strings */ = {
			isa = PBXVariantGroup;
			children = (
				D4A3F08718041BDC00BEF7B9 /* en */,
			);
			name = InfoPlist.strings;
			sourceTree = "<group>";
		};
		D4A3F08F18041BDE00BEF7B9 /* Main.storyboard */ = {
			isa = PBXVariantGroup;
			children = (
				D4A3F09018041BDE00BEF7B9 /* Base */,
			);
			name = Main.storyboard;
			sourceTree = "<group>";
		};
		D4A3F0A518041BE500BEF7B9 /* InfoPlist.strings */ = {
			isa = PBXVariantGroup;
			children = (
				D4A3F0A618041BE500BEF7B9 /* en */,
			);
			name = InfoPlist.strings;
			sourceTree = "<group>";
		};
/* End PBXVariantGroup section */

/* Begin XCBuildConfiguration section */
		D4A3F0AA18041BE500BEF7B9 /* Debug */ = {
			isa = XCBuildConfiguration;
			buildSettings = {
				ALWAYS_SEARCH_USER_PATHS = NO;
				ARCHS = "$(ARCHS_STANDARD_INCLUDING_64_BIT)";
				CLANG_CXX_LANGUAGE_STANDARD = "gnu++0x";
				CLANG_CXX_LIBRARY = "libc++";
				CLANG_ENABLE_MODULES = YES;
				CLANG_ENABLE_OBJC_ARC = YES;
				CLANG_WARN_BOOL_CONVERSION = YES;
				CLANG_WARN_CONSTANT_CONVERSION = YES;
				CLANG_WARN_DIRECT_OBJC_ISA_USAGE = YES_ERROR;
				CLANG_WARN_EMPTY_BODY = YES;
				CLANG_WARN_ENUM_CONVERSION = YES;
				CLANG_WARN_INT_CONVERSION = YES;
				CLANG_WARN_OBJC_ROOT_CLASS = YES_ERROR;
				CLANG_WARN__DUPLICATE_METHOD_MATCH = YES;
				"CODE_SIGN_IDENTITY[sdk=iphoneos*]" = "iPhone Developer";
				COPY_PHASE_STRIP = NO;
				GCC_C_LANGUAGE_STANDARD = gnu99;
				GCC_DYNAMIC_NO_PIC = NO;
				GCC_OPTIMIZATION_LEVEL = 0;
				GCC_PREPROCESSOR_DEFINITIONS = (
					"DEBUG=1",
					"$(inherited)",
				);
				GCC_SYMBOLS_PRIVATE_EXTERN = NO;
				GCC_WARN_64_TO_32_BIT_CONVERSION = YES;
				GCC_WARN_ABOUT_RETURN_TYPE = YES_ERROR;
				GCC_WARN_UNDECLARED_SELECTOR = YES;
				GCC_WARN_UNINITIALIZED_AUTOS = YES;
				GCC_WARN_UNUSED_FUNCTION = YES;
				GCC_WARN_UNUSED_VARIABLE = YES;
				IPHONEOS_DEPLOYMENT_TARGET = 7.0;
				ONLY_ACTIVE_ARCH = YES;
				SDKROOT = iphoneos;
			};
			name = Debug;
		};
		D4A3F0AB18041BE500BEF7B9 /* Release */ = {
			isa = XCBuildConfiguration;
			buildSettings = {
				ALWAYS_SEARCH_USER_PATHS = NO;
				ARCHS = "$(ARCHS_STANDARD_INCLUDING_64_BIT)";
				CLANG_CXX_LANGUAGE_STANDARD = "gnu++0x";
				CLANG_CXX_LIBRARY = "libc++";
				CLANG_ENABLE_MODULES = YES;
				CLANG_ENABLE_OBJC_ARC = YES;
				CLANG_WARN_BOOL_CONVERSION = YES;
				CLANG_WARN_CONSTANT_CONVERSION = YES;
				CLANG_WARN_DIRECT_OBJC_ISA_USAGE = YES_ERROR;
				CLANG_WARN_EMPTY_BODY = YES;
				CLANG_WARN_ENUM_CONVERSION = YES;
				CLANG_WARN_INT_CONVERSION = YES;
				CLANG_WARN_OBJC_ROOT_CLASS = YES_ERROR;
				CLANG_WARN__DUPLICATE_METHOD_MATCH = YES;
				"CODE_SIGN_IDENTITY[sdk=iphoneos*]" = "iPhone Developer";
				COPY_PHASE_STRIP = YES;
				ENABLE_NS_ASSERTIONS = NO;
				GCC_C_LANGUAGE_STANDARD = gnu99;
				GCC_WARN_64_TO_32_BIT_CONVERSION = YES;
				GCC_WARN_ABOUT_RETURN_TYPE = YES_ERROR;
				GCC_WARN_UNDECLARED_SELECTOR = YES;
				GCC_WARN_UNINITIALIZED_AUTOS = YES;
				GCC_WARN_UNUSED_FUNCTION = YES;
				GCC_WARN_UNUSED_VARIABLE = YES;
				IPHONEOS_DEPLOYMENT_TARGET = 7.0;
				SDKROOT = iphoneos;
				VALIDATE_PRODUCT = YES;
			};
			name = Release;
		};
		D4A3F0AD18041BE500BEF7B9 /* Debug */ = {
			isa = XCBuildConfiguration;
			buildSettings = {
				ASSETCATALOG_COMPILER_APPICON_NAME = AppIcon;
				ASSETCATALOG_COMPILER_LAUNCHIMAGE_NAME = LaunchImage;
				CODE_SIGN_IDENTITY = "iPhone Developer";
				GCC_PRECOMPILE_PREFIX_HEADER = YES;
				GCC_PREFIX_HEADER = "A-star-Pathfinder/A-star-Pathfinder-Prefix.pch";
				INFOPLIST_FILE = "A-star-Pathfinder/A-star-Pathfinder-Info.plist";
				IPHONEOS_DEPLOYMENT_TARGET = 7.0;
				PRODUCT_NAME = "$(TARGET_NAME)";
				WRAPPER_EXTENSION = app;
			};
			name = Debug;
		};
		D4A3F0AE18041BE500BEF7B9 /* Release */ = {
			isa = XCBuildConfiguration;
			buildSettings = {
				ASSETCATALOG_COMPILER_APPICON_NAME = AppIcon;
				ASSETCATALOG_COMPILER_LAUNCHIMAGE_NAME = LaunchImage;
				CODE_SIGN_IDENTITY = "iPhone Developer";
				GCC_PRECOMPILE_PREFIX_HEADER = YES;
				GCC_PREFIX_HEADER = "A-star-Pathfinder/A-star-Pathfinder-Prefix.pch";
				INFOPLIST_FILE = "A-star-Pathfinder/A-star-Pathfinder-Info.plist";
				IPHONEOS_DEPLOYMENT_TARGET = 7.0;
				PRODUCT_NAME = "$(TARGET_NAME)";
				WRAPPER_EXTENSION = app;
			};
			name = Release;
		};
		D4A3F0B018041BE500BEF7B9 /* Debug */ = {
			isa = XCBuildConfiguration;
			buildSettings = {
				ARCHS = "$(ARCHS_STANDARD_INCLUDING_64_BIT)";
				BUNDLE_LOADER = "$(BUILT_PRODUCTS_DIR)/A-star-Pathfinder.app/A-star-Pathfinder";
				FRAMEWORK_SEARCH_PATHS = (
					"$(SDKROOT)/Developer/Library/Frameworks",
					"$(inherited)",
					"$(DEVELOPER_FRAMEWORKS_DIR)",
				);
				GCC_PRECOMPILE_PREFIX_HEADER = YES;
				GCC_PREFIX_HEADER = "A-star-Pathfinder/A-star-Pathfinder-Prefix.pch";
				GCC_PREPROCESSOR_DEFINITIONS = (
					"DEBUG=1",
					"$(inherited)",
				);
				INFOPLIST_FILE = "A-star-PathfinderTests/A-star-PathfinderTests-Info.plist";
				PRODUCT_NAME = "$(TARGET_NAME)";
				TEST_HOST = "$(BUNDLE_LOADER)";
				WRAPPER_EXTENSION = xctest;
			};
			name = Debug;
		};
		D4A3F0B118041BE500BEF7B9 /* Release */ = {
			isa = XCBuildConfiguration;
			buildSettings = {
				ARCHS = "$(ARCHS_STANDARD_INCLUDING_64_BIT)";
				BUNDLE_LOADER = "$(BUILT_PRODUCTS_DIR)/A-star-Pathfinder.app/A-star-Pathfinder";
				FRAMEWORK_SEARCH_PATHS = (
					"$(SDKROOT)/Developer/Library/Frameworks",
					"$(inherited)",
					"$(DEVELOPER_FRAMEWORKS_DIR)",
				);
				GCC_PRECOMPILE_PREFIX_HEADER = YES;
				GCC_PREFIX_HEADER = "A-star-Pathfinder/A-star-Pathfinder-Prefix.pch";
				INFOPLIST_FILE = "A-star-PathfinderTests/A-star-PathfinderTests-Info.plist";
				PRODUCT_NAME = "$(TARGET_NAME)";
				TEST_HOST = "$(BUNDLE_LOADER)";
				WRAPPER_EXTENSION = xctest;
			};
			name = Release;
		};
/* End XCBuildConfiguration section */

/* Begin XCConfigurationList section */
		D4A3F07518041BD900BEF7B9 /* Build configuration list for PBXProject "A-star-Pathfinder" */ = {
			isa = XCConfigurationList;
			buildConfigurations = (
				D4A3F0AA18041BE500BEF7B9 /* Debug */,
				D4A3F0AB18041BE500BEF7B9 /* Release */,
			);
			defaultConfigurationIsVisible = 0;
			defaultConfigurationName = Release;
		};
		D4A3F0AC18041BE500BEF7B9 /* Build configuration list for PBXNativeTarget "A-star-Pathfinder" */ = {
			isa = XCConfigurationList;
			buildConfigurations = (
				D4A3F0AD18041BE500BEF7B9 /* Debug */,
				D4A3F0AE18041BE500BEF7B9 /* Release */,
			);
			defaultConfigurationIsVisible = 0;
			defaultConfigurationName = Release;
		};
		D4A3F0AF18041BE500BEF7B9 /* Build configuration list for PBXNativeTarget "A-star-PathfinderTests" */ = {
			isa = XCConfigurationList;
			buildConfigurations = (
				D4A3F0B018041BE500BEF7B9 /* Debug */,
				D4A3F0B118041BE500BEF7B9 /* Release */,
			);
			defaultConfigurationIsVisible = 0;
			defaultConfigurationName = Release;
		};
/* End XCConfigurationList section */
	};
	rootObject = D4A3F07218041BD900BEF7B9 /* Project object */;
}
